github.com/radovskyb/watcher v1.0.7 h1:AYePLih6dpmS32vlHfhCeli8127LzkIgwJGcwwe8tUE=
github.com/radovskyb/watcher v1.0.7/go.mod h1:78okwvY5wPdzcb1UYnip1pvrZNIVEIh/Cm+ZuvsUYIg=
github.com/sashabaranov/go-openai v1.21.0 h1:isAf3zPSD3VLd0pC2/2Q6ZyRK7jzPAaz+X3rjsviaYQ=
github.com/sashabaranov/go-openai v1.21.0/go.mod h1:lj5b/K+zjTSFxVLijLSTDZuP7adOgerWeFyZLUhAKRg=
